
Microsoft Visual Studio Solution File, Format Version 12.00
# Visual Studio Version 16
VisualStudioVersion = 16.0.31112.23
MinimumVisualStudioVersion = 10.0.40219.1
Project("{FAE04EC0-301F-11D3-BF4B-00C04F79EFBC}") = "Vistas", "Vista\Vistas.csproj", "{36E93645-C8E4-4F45-87FD-BF806026F607}"
EndProject
Project("{FAE04EC0-301F-11D3-BF4B-00C04F79EFBC}") = "Datos", "Datos\Datos.csproj", "{3C996878-F015-40EA-B85A-74685308AB79}"
EndProject
Project("{FAE04EC0-301F-11D3-BF4B-00C04F79EFBC}") = "Modelos", "Modelo\Modelos.csproj", "{70BFE734-9F50-43E2-BC68-030A10702FA4}"
EndProject
Global
	GlobalSection(SolutionConfigurationPlatforms) = preSolution
		Debug|Any CPU = Debug|Any CPU
		Release|Any CPU = Release|Any CPU
	EndGlobalSection
	GlobalSection(ProjectConfigurationPlatforms) = postSolution
		{36E93645-C8E4-4F45-87FD-BF806026F607}.Debug|Any CPU.ActiveCfg = Debug|Any CPU
		{36E93645-C8E4-4F45-87FD-BF806026F607}.Debug|Any CPU.Build.0 = Debug|Any CPU
		{36E93645-C8E4-4F45-87FD-BF806026F607}.Release|Any CPU.ActiveCfg = Release|Any CPU
		{36E93645-C8E4-4F45-87FD-BF806026F607}.Release|Any CPU.Build.0 = Release|Any CPU
		{3C996878-F015-40EA-B85A-74685308AB79}.Debug|Any CPU.ActiveCfg = Debug|Any CPU
		{3C996878-F015-40EA-B85A-74685308AB79}.Debug|Any CPU.Build.0 = Debug|Any CPU
		{3C996878-F015-40EA-B85A-74685308AB79}.Release|Any CPU.ActiveCfg = Release|Any CPU
		{3C996878-F015-40EA-B85A-74685308AB79}.Release|Any CPU.Build.0 = Release|Any CPU
		{70BFE734-9F50-43E2-BC68-030A10702FA4}.Debug|Any CPU.ActiveCfg = Debug|Any CPU
		{70BFE734-9F50-43E2-BC68-030A10702FA4}.Debug|Any CPU.Build.0 = Debug|Any CPU
		{70BFE734-9F50-43E2-BC68-030A10702FA4}.Release|Any CPU.ActiveCfg = Release|Any CPU
		{70BFE734-9F50-43E2-BC68-030A10702FA4}.Release|Any CPU.Build.0 = Release|Any CPU
	EndGlobalSection
	GlobalSection(SolutionProperties) = preSolution
		HideSolutionNode = FALSE
	EndGlobalSection
	GlobalSection(ExtensibilityGlobals) = postSolution
		SolutionGuid = {894BA6DE-B38D-4904-81C9-F044A95F803D}
	EndGlobalSection
EndGlobal
